// !$*UTF8*$!
{
	archiveVersion = 1;
	classes = {
	};
	objectVersion = 46;
	objects = {

/* Begin PBXBuildFile section */
		1BE2A867A35EE47AF9C43606 /* Pods_ObjcDemo.framework in Frameworks */ = {isa = PBXBuildFile; fileRef = 3FA1B1897974C10C7DF308AC /* Pods_ObjcDemo.framework */; };
		883427D010173C88AEBF3351 /* Pods_ObjcDemo.framework in Frameworks */ = {isa = PBXBuildFile; fileRef = 3FA1B1897974C10C7DF308AC /* Pods_ObjcDemo.framework */; };
		A21AB5F31E50402E00BB4FF5 /* QuartzCore.m in Sources */ = {isa = PBXBuildFile; fileRef = A21AB5F21E50402E00BB4FF5 /* QuartzCore.m */; };
		A21AB5F71E55457E00BB4FF5 /* AutoreleaseObject.m in Sources */ = {isa = PBXBuildFile; fileRef = A21AB5F61E55457E00BB4FF5 /* AutoreleaseObject.m */; };
		A21AB6041E59E1A900BB4FF5 /* NextViewController.m in Sources */ = {isa = PBXBuildFile; fileRef = AA1A4F9C1E1203FC002DFA22 /* NextViewController.m */; };
		A21AB6051E59E1A900BB4FF5 /* ProxyViewController.m in Sources */ = {isa = PBXBuildFile; fileRef = AAF1749F1E442DD6005048CC /* ProxyViewController.m */; };
		A21AB6061E59E1A900BB4FF5 /* TestProxy.m in Sources */ = {isa = PBXBuildFile; fileRef = AAF174A81E443214005048CC /* TestProxy.m */; };
		A21AB6071E59E1A900BB4FF5 /* QuartzCore.m in Sources */ = {isa = PBXBuildFile; fileRef = A21AB5F21E50402E00BB4FF5 /* QuartzCore.m */; };
		A21AB6081E59E1A900BB4FF5 /* JSViewController.m in Sources */ = {isa = PBXBuildFile; fileRef = AA1A4FD01E14AAF6002DFA22 /* JSViewController.m */; };
		A21AB6091E59E1A900BB4FF5 /* IGCollectionViewController.m in Sources */ = {isa = PBXBuildFile; fileRef = AAE46A611E4D6537008A864E /* IGCollectionViewController.m */; };
		A21AB60A1E59E1A900BB4FF5 /* CircleAnimation.m in Sources */ = {isa = PBXBuildFile; fileRef = AA75E6461E31B31A00EF9B7B /* CircleAnimation.m */; };
		A21AB60B1E59E1A900BB4FF5 /* NSNull+Nullsafe.m in Sources */ = {isa = PBXBuildFile; fileRef = AA1A4F9F1E1266CF002DFA22 /* NSNull+Nullsafe.m */; };
		A21AB60C1E59E1A900BB4FF5 /* JSWebExport.m in Sources */ = {isa = PBXBuildFile; fileRef = AA1A4FDA1E1505FC002DFA22 /* JSWebExport.m */; };
		A21AB60D1E59E1A900BB4FF5 /* BookStore.m in Sources */ = {isa = PBXBuildFile; fileRef = AAF174A21E44314C005048CC /* BookStore.m */; };
		A21AB60E1E59E1A900BB4FF5 /* GridSectionController.m in Sources */ = {isa = PBXBuildFile; fileRef = AAE46A641E4D84E3008A864E /* GridSectionController.m */; };
		A21AB60F1E59E1A900BB4FF5 /* Reactive.m in Sources */ = {isa = PBXBuildFile; fileRef = AAE46A5D1E4D543F008A864E /* Reactive.m */; };
		A21AB6101E59E1A900BB4FF5 /* UIViewController+Swizze.m in Sources */ = {isa = PBXBuildFile; fileRef = AA1A4F991E11FE56002DFA22 /* UIViewController+Swizze.m */; };
		A21AB6111E59E1A900BB4FF5 /* ClothesStore.m in Sources */ = {isa = PBXBuildFile; fileRef = AAF174A51E44315D005048CC /* ClothesStore.m */; };
		A21AB6121E59E1A900BB4FF5 /* ViewController.m in Sources */ = {isa = PBXBuildFile; fileRef = AA0E24621E0B719100CFA947 /* ViewController.m */; };
		A21AB6131E59E1A900BB4FF5 /* LoginViewController.m in Sources */ = {isa = PBXBuildFile; fileRef = AA75E6551E3218CE00EF9B7B /* LoginViewController.m */; };
		A21AB6141E59E1A900BB4FF5 /* WKWebViewController.m in Sources */ = {isa = PBXBuildFile; fileRef = AA1A4FD31E14BF8B002DFA22 /* WKWebViewController.m */; };
		A21AB6151E59E1A900BB4FF5 /* RootViewController.m in Sources */ = {isa = PBXBuildFile; fileRef = AA75E64C1E32166300EF9B7B /* RootViewController.m */; };
		A21AB6161E59E1A900BB4FF5 /* CircleViewController.m in Sources */ = {isa = PBXBuildFile; fileRef = AA75E6491E31B36E00EF9B7B /* CircleViewController.m */; };
		A21AB6171E59E1A900BB4FF5 /* AppDelegate.m in Sources */ = {isa = PBXBuildFile; fileRef = AA0E245F1E0B719100CFA947 /* AppDelegate.m */; };
		A21AB6181E59E1A900BB4FF5 /* TextSectionController.m in Sources */ = {isa = PBXBuildFile; fileRef = AAE46A671E4D958A008A864E /* TextSectionController.m */; };
		A21AB6191E59E1A900BB4FF5 /* NSObject+invocation.m in Sources */ = {isa = PBXBuildFile; fileRef = AA1A4FCB1E135BD3002DFA22 /* NSObject+invocation.m */; };
		A21AB61A1E59E1A900BB4FF5 /* SecondViewController.m in Sources */ = {isa = PBXBuildFile; fileRef = AA75E6521E32167200EF9B7B /* SecondViewController.m */; };
		A21AB61B1E59E1A900BB4FF5 /* NavigationViewController.m in Sources */ = {isa = PBXBuildFile; fileRef = AAE46A5A1E4B1BD5008A864E /* NavigationViewController.m */; };
		A21AB61C1E59E1A900BB4FF5 /* NSString+invocation.m in Sources */ = {isa = PBXBuildFile; fileRef = AA1A4FC81E135558002DFA22 /* NSString+invocation.m */; };
		A21AB61D1E59E1A900BB4FF5 /* AutoreleaseObject.m in Sources */ = {isa = PBXBuildFile; fileRef = A21AB5F61E55457E00BB4FF5 /* AutoreleaseObject.m */; };
		A21AB61E1E59E1A900BB4FF5 /* FisrtViewController.m in Sources */ = {isa = PBXBuildFile; fileRef = AA75E64F1E32166C00EF9B7B /* FisrtViewController.m */; };
		A21AB61F1E59E1A900BB4FF5 /* main.m in Sources */ = {isa = PBXBuildFile; fileRef = AA0E245C1E0B719100CFA947 /* main.m */; };
		A21AB6201E59E1A900BB4FF5 /* ReactiveViewController.m in Sources */ = {isa = PBXBuildFile; fileRef = AAF174AC1E456553005048CC /* ReactiveViewController.m */; };
		A21AB6221E59E1A900BB4FF5 /* libsqlite3.tbd in Frameworks */ = {isa = PBXBuildFile; fileRef = AAFB029A1E0CC33900A2A622 /* libsqlite3.tbd */; };
		A21AB6251E59E1A900BB4FF5 /* LaunchScreen.storyboard in Resources */ = {isa = PBXBuildFile; fileRef = AA0E24691E0B719100CFA947 /* LaunchScreen.storyboard */; };
		A21AB6261E59E1A900BB4FF5 /* MessageHandler.html in Resources */ = {isa = PBXBuildFile; fileRef = AA1A4FD71E14FE15002DFA22 /* MessageHandler.html */; };
		A21AB6271E59E1A900BB4FF5 /* JavaScriptCore.html in Resources */ = {isa = PBXBuildFile; fileRef = AA1A4FD51E14FD7C002DFA22 /* JavaScriptCore.html */; };
		A21AB6281E59E1A900BB4FF5 /* Assets.xcassets in Resources */ = {isa = PBXBuildFile; fileRef = AA0E24671E0B719100CFA947 /* Assets.xcassets */; };
		A21AB6291E59E1A900BB4FF5 /* test.html in Resources */ = {isa = PBXBuildFile; fileRef = AA1A4FCD1E14AA80002DFA22 /* test.html */; };
		A21AB62A1E59E1A900BB4FF5 /* Main.storyboard in Resources */ = {isa = PBXBuildFile; fileRef = AA0E24641E0B719100CFA947 /* Main.storyboard */; };
		AA0E245D1E0B719100CFA947 /* main.m in Sources */ = {isa = PBXBuildFile; fileRef = AA0E245C1E0B719100CFA947 /* main.m */; };
		AA0E24601E0B719100CFA947 /* AppDelegate.m in Sources */ = {isa = PBXBuildFile; fileRef = AA0E245F1E0B719100CFA947 /* AppDelegate.m */; };
		AA0E24631E0B719100CFA947 /* ViewController.m in Sources */ = {isa = PBXBuildFile; fileRef = AA0E24621E0B719100CFA947 /* ViewController.m */; };
		AA0E24661E0B719100CFA947 /* Main.storyboard in Resources */ = {isa = PBXBuildFile; fileRef = AA0E24641E0B719100CFA947 /* Main.storyboard */; };
		AA0E24681E0B719100CFA947 /* Assets.xcassets in Resources */ = {isa = PBXBuildFile; fileRef = AA0E24671E0B719100CFA947 /* Assets.xcassets */; };
		AA0E246B1E0B719100CFA947 /* LaunchScreen.storyboard in Resources */ = {isa = PBXBuildFile; fileRef = AA0E24691E0B719100CFA947 /* LaunchScreen.storyboard */; };
		AA1A4F9A1E11FE56002DFA22 /* UIViewController+Swizze.m in Sources */ = {isa = PBXBuildFile; fileRef = AA1A4F991E11FE56002DFA22 /* UIViewController+Swizze.m */; };
		AA1A4F9D1E1203FC002DFA22 /* NextViewController.m in Sources */ = {isa = PBXBuildFile; fileRef = AA1A4F9C1E1203FC002DFA22 /* NextViewController.m */; };
		AA1A4FA01E1266CF002DFA22 /* NSNull+Nullsafe.m in Sources */ = {isa = PBXBuildFile; fileRef = AA1A4F9F1E1266CF002DFA22 /* NSNull+Nullsafe.m */; };
		AA1A4FC91E135558002DFA22 /* NSString+invocation.m in Sources */ = {isa = PBXBuildFile; fileRef = AA1A4FC81E135558002DFA22 /* NSString+invocation.m */; };
		AA1A4FCC1E135BD3002DFA22 /* NSObject+invocation.m in Sources */ = {isa = PBXBuildFile; fileRef = AA1A4FCB1E135BD3002DFA22 /* NSObject+invocation.m */; };
		AA1A4FCE1E14AA80002DFA22 /* test.html in Resources */ = {isa = PBXBuildFile; fileRef = AA1A4FCD1E14AA80002DFA22 /* test.html */; };
		AA1A4FD11E14AAF6002DFA22 /* JSViewController.m in Sources */ = {isa = PBXBuildFile; fileRef = AA1A4FD01E14AAF6002DFA22 /* JSViewController.m */; };
		AA1A4FD41E14BF8B002DFA22 /* WKWebViewController.m in Sources */ = {isa = PBXBuildFile; fileRef = AA1A4FD31E14BF8B002DFA22 /* WKWebViewController.m */; };
		AA1A4FD61E14FD7C002DFA22 /* JavaScriptCore.html in Resources */ = {isa = PBXBuildFile; fileRef = AA1A4FD51E14FD7C002DFA22 /* JavaScriptCore.html */; };
		AA1A4FD81E14FE15002DFA22 /* MessageHandler.html in Resources */ = {isa = PBXBuildFile; fileRef = AA1A4FD71E14FE15002DFA22 /* MessageHandler.html */; };
		AA1A4FDB1E1505FC002DFA22 /* JSWebExport.m in Sources */ = {isa = PBXBuildFile; fileRef = AA1A4FDA1E1505FC002DFA22 /* JSWebExport.m */; };
		AA45CA3B1E5E8A8700FDFAFE /* RFQuiltLayoutCollectionViewCell.m in Sources */ = {isa = PBXBuildFile; fileRef = AA45CA3A1E5E8A8700FDFAFE /* RFQuiltLayoutCollectionViewCell.m */; };
		AA45CA3F1E5EABEF00FDFAFE /* ComputedModel.m in Sources */ = {isa = PBXBuildFile; fileRef = AA45CA3E1E5EABEF00FDFAFE /* ComputedModel.m */; };
		AA45CA421E60294200FDFAFE /* AlgorithmManager.m in Sources */ = {isa = PBXBuildFile; fileRef = AA45CA411E60294200FDFAFE /* AlgorithmManager.m */; };
		AA75E6471E31B31A00EF9B7B /* CircleAnimation.m in Sources */ = {isa = PBXBuildFile; fileRef = AA75E6461E31B31A00EF9B7B /* CircleAnimation.m */; };
		AA75E64A1E31B36E00EF9B7B /* CircleViewController.m in Sources */ = {isa = PBXBuildFile; fileRef = AA75E6491E31B36E00EF9B7B /* CircleViewController.m */; };
		AA75E64D1E32166300EF9B7B /* RootViewController.m in Sources */ = {isa = PBXBuildFile; fileRef = AA75E64C1E32166300EF9B7B /* RootViewController.m */; };
		AA75E6501E32166C00EF9B7B /* FisrtViewController.m in Sources */ = {isa = PBXBuildFile; fileRef = AA75E64F1E32166C00EF9B7B /* FisrtViewController.m */; };
		AA75E6531E32167200EF9B7B /* SecondViewController.m in Sources */ = {isa = PBXBuildFile; fileRef = AA75E6521E32167200EF9B7B /* SecondViewController.m */; };
		AA75E6561E3218CE00EF9B7B /* LoginViewController.m in Sources */ = {isa = PBXBuildFile; fileRef = AA75E6551E3218CE00EF9B7B /* LoginViewController.m */; };
		AAE46A5B1E4B1BD5008A864E /* NavigationViewController.m in Sources */ = {isa = PBXBuildFile; fileRef = AAE46A5A1E4B1BD5008A864E /* NavigationViewController.m */; };
		AAE46A5E1E4D543F008A864E /* Reactive.m in Sources */ = {isa = PBXBuildFile; fileRef = AAE46A5D1E4D543F008A864E /* Reactive.m */; };
		AAE46A621E4D6537008A864E /* IGCollectionViewController.m in Sources */ = {isa = PBXBuildFile; fileRef = AAE46A611E4D6537008A864E /* IGCollectionViewController.m */; };
		AAE46A651E4D84E3008A864E /* GridSectionController.m in Sources */ = {isa = PBXBuildFile; fileRef = AAE46A641E4D84E3008A864E /* GridSectionController.m */; };
		AAE46A681E4D958A008A864E /* TextSectionController.m in Sources */ = {isa = PBXBuildFile; fileRef = AAE46A671E4D958A008A864E /* TextSectionController.m */; };
		AAF174A01E442DD6005048CC /* ProxyViewController.m in Sources */ = {isa = PBXBuildFile; fileRef = AAF1749F1E442DD6005048CC /* ProxyViewController.m */; };
		AAF174A31E44314C005048CC /* BookStore.m in Sources */ = {isa = PBXBuildFile; fileRef = AAF174A21E44314C005048CC /* BookStore.m */; };
		AAF174A61E44315D005048CC /* ClothesStore.m in Sources */ = {isa = PBXBuildFile; fileRef = AAF174A51E44315D005048CC /* ClothesStore.m */; };
		AAF174A91E443214005048CC /* TestProxy.m in Sources */ = {isa = PBXBuildFile; fileRef = AAF174A81E443214005048CC /* TestProxy.m */; };
		AAF174AD1E456553005048CC /* ReactiveViewController.m in Sources */ = {isa = PBXBuildFile; fileRef = AAF174AC1E456553005048CC /* ReactiveViewController.m */; };
		AAFB029B1E0CC33900A2A622 /* libsqlite3.tbd in Frameworks */ = {isa = PBXBuildFile; fileRef = AAFB029A1E0CC33900A2A622 /* libsqlite3.tbd */; };
/* End PBXBuildFile section */

/* Begin PBXFileReference section */
		1129E8D660EDEFA9CEA4B0C9 /* Pods-ObjcDemo.testdebug.xcconfig */ = {isa = PBXFileReference; includeInIndex = 1; lastKnownFileType = text.xcconfig; name = "Pods-ObjcDemo.testdebug.xcconfig"; path = "Pods/Target Support Files/Pods-ObjcDemo/Pods-ObjcDemo.testdebug.xcconfig"; sourceTree = "<group>"; };
		168403ED326584E12CC5EBB0 /* Pods-ObjcDemo.release.xcconfig */ = {isa = PBXFileReference; includeInIndex = 1; lastKnownFileType = text.xcconfig; name = "Pods-ObjcDemo.release.xcconfig"; path = "Pods/Target Support Files/Pods-ObjcDemo/Pods-ObjcDemo.release.xcconfig"; sourceTree = "<group>"; };
		3FA1B1897974C10C7DF308AC /* Pods_ObjcDemo.framework */ = {isa = PBXFileReference; explicitFileType = wrapper.framework; includeInIndex = 0; path = Pods_ObjcDemo.framework; sourceTree = BUILT_PRODUCTS_DIR; };
		A21AB5F11E50402E00BB4FF5 /* QuartzCore.h */ = {isa = PBXFileReference; fileEncoding = 4; lastKnownFileType = sourcecode.c.h; path = QuartzCore.h; sourceTree = "<group>"; };
		A21AB5F21E50402E00BB4FF5 /* QuartzCore.m */ = {isa = PBXFileReference; fileEncoding = 4; lastKnownFileType = sourcecode.c.objc; path = QuartzCore.m; sourceTree = "<group>"; };
		A21AB5F51E55457E00BB4FF5 /* AutoreleaseObject.h */ = {isa = PBXFileReference; fileEncoding = 4; lastKnownFileType = sourcecode.c.h; path = AutoreleaseObject.h; sourceTree = "<group>"; };
		A21AB5F61E55457E00BB4FF5 /* AutoreleaseObject.m */ = {isa = PBXFileReference; fileEncoding = 4; lastKnownFileType = sourcecode.c.objc; path = AutoreleaseObject.m; sourceTree = "<group>"; };
		A21AB6301E59E1A900BB4FF5 /* ObjcDemo-iPad.app */ = {isa = PBXFileReference; explicitFileType = wrapper.application; includeInIndex = 0; path = "ObjcDemo-iPad.app"; sourceTree = BUILT_PRODUCTS_DIR; };
		A21AB6321E59E1AA00BB4FF5 /* ObjcDemo copy-Info.plist */ = {isa = PBXFileReference; lastKnownFileType = text.plist.xml; name = "ObjcDemo copy-Info.plist"; path = "/Users/dongdong/Desktop/Objective-C/ObjcDemo/ObjcDemo copy-Info.plist"; sourceTree = "<absolute>"; };
		A775CE6CB5731CFE99992E71 /* Pods-ObjcDemo.debug.xcconfig */ = {isa = PBXFileReference; includeInIndex = 1; lastKnownFileType = text.xcconfig; name = "Pods-ObjcDemo.debug.xcconfig"; path = "Pods/Target Support Files/Pods-ObjcDemo/Pods-ObjcDemo.debug.xcconfig"; sourceTree = "<group>"; };
		AA0E24581E0B719100CFA947 /* ObjcDemo.app */ = {isa = PBXFileReference; explicitFileType = wrapper.application; includeInIndex = 0; path = ObjcDemo.app; sourceTree = BUILT_PRODUCTS_DIR; };
		AA0E245C1E0B719100CFA947 /* main.m */ = {isa = PBXFileReference; lastKnownFileType = sourcecode.c.objc; path = main.m; sourceTree = "<group>"; };
		AA0E245E1E0B719100CFA947 /* AppDelegate.h */ = {isa = PBXFileReference; lastKnownFileType = sourcecode.c.h; path = AppDelegate.h; sourceTree = "<group>"; };
		AA0E245F1E0B719100CFA947 /* AppDelegate.m */ = {isa = PBXFileReference; lastKnownFileType = sourcecode.c.objc; path = AppDelegate.m; sourceTree = "<group>"; };
		AA0E24611E0B719100CFA947 /* ViewController.h */ = {isa = PBXFileReference; lastKnownFileType = sourcecode.c.h; path = ViewController.h; sourceTree = "<group>"; };
		AA0E24621E0B719100CFA947 /* ViewController.m */ = {isa = PBXFileReference; lastKnownFileType = sourcecode.c.objc; path = ViewController.m; sourceTree = "<group>"; };
		AA0E24651E0B719100CFA947 /* Base */ = {isa = PBXFileReference; lastKnownFileType = file.storyboard; name = Base; path = Base.lproj/Main.storyboard; sourceTree = "<group>"; };
		AA0E24671E0B719100CFA947 /* Assets.xcassets */ = {isa = PBXFileReference; lastKnownFileType = folder.assetcatalog; path = Assets.xcassets; sourceTree = "<group>"; };
		AA0E246A1E0B719100CFA947 /* Base */ = {isa = PBXFileReference; lastKnownFileType = file.storyboard; name = Base; path = Base.lproj/LaunchScreen.storyboard; sourceTree = "<group>"; };
		AA0E246C1E0B719100CFA947 /* Info.plist */ = {isa = PBXFileReference; lastKnownFileType = text.plist.xml; path = Info.plist; sourceTree = "<group>"; };
		AA1A4F981E11FE56002DFA22 /* UIViewController+Swizze.h */ = {isa = PBXFileReference; fileEncoding = 4; lastKnownFileType = sourcecode.c.h; path = "UIViewController+Swizze.h"; sourceTree = "<group>"; };
		AA1A4F991E11FE56002DFA22 /* UIViewController+Swizze.m */ = {isa = PBXFileReference; fileEncoding = 4; lastKnownFileType = sourcecode.c.objc; path = "UIViewController+Swizze.m"; sourceTree = "<group>"; };
		AA1A4F9B1E1203FC002DFA22 /* NextViewController.h */ = {isa = PBXFileReference; fileEncoding = 4; lastKnownFileType = sourcecode.c.h; path = NextViewController.h; sourceTree = "<group>"; };
		AA1A4F9C1E1203FC002DFA22 /* NextViewController.m */ = {isa = PBXFileReference; fileEncoding = 4; lastKnownFileType = sourcecode.c.objc; path = NextViewController.m; sourceTree = "<group>"; };
		AA1A4F9E1E1266CF002DFA22 /* NSNull+Nullsafe.h */ = {isa = PBXFileReference; fileEncoding = 4; lastKnownFileType = sourcecode.c.h; path = "NSNull+Nullsafe.h"; sourceTree = "<group>"; };
		AA1A4F9F1E1266CF002DFA22 /* NSNull+Nullsafe.m */ = {isa = PBXFileReference; fileEncoding = 4; lastKnownFileType = sourcecode.c.objc; path = "NSNull+Nullsafe.m"; sourceTree = "<group>"; };
		AA1A4FC71E135558002DFA22 /* NSString+invocation.h */ = {isa = PBXFileReference; fileEncoding = 4; lastKnownFileType = sourcecode.c.h; path = "NSString+invocation.h"; sourceTree = "<group>"; };
		AA1A4FC81E135558002DFA22 /* NSString+invocation.m */ = {isa = PBXFileReference; fileEncoding = 4; lastKnownFileType = sourcecode.c.objc; path = "NSString+invocation.m"; sourceTree = "<group>"; };
		AA1A4FCA1E135BD3002DFA22 /* NSObject+invocation.h */ = {isa = PBXFileReference; fileEncoding = 4; lastKnownFileType = sourcecode.c.h; path = "NSObject+invocation.h"; sourceTree = "<group>"; };
		AA1A4FCB1E135BD3002DFA22 /* NSObject+invocation.m */ = {isa = PBXFileReference; fileEncoding = 4; lastKnownFileType = sourcecode.c.objc; path = "NSObject+invocation.m"; sourceTree = "<group>"; };
		AA1A4FCD1E14AA80002DFA22 /* test.html */ = {isa = PBXFileReference; fileEncoding = 4; lastKnownFileType = text.html; path = test.html; sourceTree = "<group>"; };
		AA1A4FCF1E14AAF6002DFA22 /* JSViewController.h */ = {isa = PBXFileReference; fileEncoding = 4; lastKnownFileType = sourcecode.c.h; path = JSViewController.h; sourceTree = "<group>"; };
		AA1A4FD01E14AAF6002DFA22 /* JSViewController.m */ = {isa = PBXFileReference; fileEncoding = 4; lastKnownFileType = sourcecode.c.objc; path = JSViewController.m; sourceTree = "<group>"; };
		AA1A4FD21E14BF8B002DFA22 /* WKWebViewController.h */ = {isa = PBXFileReference; fileEncoding = 4; lastKnownFileType = sourcecode.c.h; path = WKWebViewController.h; sourceTree = "<group>"; };
		AA1A4FD31E14BF8B002DFA22 /* WKWebViewController.m */ = {isa = PBXFileReference; fileEncoding = 4; lastKnownFileType = sourcecode.c.objc; path = WKWebViewController.m; sourceTree = "<group>"; };
		AA1A4FD51E14FD7C002DFA22 /* JavaScriptCore.html */ = {isa = PBXFileReference; fileEncoding = 4; lastKnownFileType = text.html; path = JavaScriptCore.html; sourceTree = "<group>"; };
		AA1A4FD71E14FE15002DFA22 /* MessageHandler.html */ = {isa = PBXFileReference; fileEncoding = 4; lastKnownFileType = text.html; path = MessageHandler.html; sourceTree = "<group>"; };
		AA1A4FD91E1505FC002DFA22 /* JSWebExport.h */ = {isa = PBXFileReference; fileEncoding = 4; lastKnownFileType = sourcecode.c.h; path = JSWebExport.h; sourceTree = "<group>"; };
		AA1A4FDA1E1505FC002DFA22 /* JSWebExport.m */ = {isa = PBXFileReference; fileEncoding = 4; lastKnownFileType = sourcecode.c.objc; path = JSWebExport.m; sourceTree = "<group>"; };
		AA45CA391E5E8A8700FDFAFE /* RFQuiltLayoutCollectionViewCell.h */ = {isa = PBXFileReference; fileEncoding = 4; lastKnownFileType = sourcecode.c.h; path = RFQuiltLayoutCollectionViewCell.h; sourceTree = "<group>"; };
		AA45CA3A1E5E8A8700FDFAFE /* RFQuiltLayoutCollectionViewCell.m */ = {isa = PBXFileReference; fileEncoding = 4; lastKnownFileType = sourcecode.c.objc; path = RFQuiltLayoutCollectionViewCell.m; sourceTree = "<group>"; };
		AA45CA3D1E5EABEF00FDFAFE /* ComputedModel.h */ = {isa = PBXFileReference; fileEncoding = 4; lastKnownFileType = sourcecode.c.h; path = ComputedModel.h; sourceTree = "<group>"; };
		AA45CA3E1E5EABEF00FDFAFE /* ComputedModel.m */ = {isa = PBXFileReference; fileEncoding = 4; lastKnownFileType = sourcecode.c.objc; path = ComputedModel.m; sourceTree = "<group>"; };
		AA45CA401E60294200FDFAFE /* AlgorithmManager.h */ = {isa = PBXFileReference; fileEncoding = 4; lastKnownFileType = sourcecode.c.h; path = AlgorithmManager.h; sourceTree = "<group>"; };
		AA45CA411E60294200FDFAFE /* AlgorithmManager.m */ = {isa = PBXFileReference; fileEncoding = 4; lastKnownFileType = sourcecode.c.objc; path = AlgorithmManager.m; sourceTree = "<group>"; };
		AA75E6451E31B31A00EF9B7B /* CircleAnimation.h */ = {isa = PBXFileReference; fileEncoding = 4; lastKnownFileType = sourcecode.c.h; path = CircleAnimation.h; sourceTree = "<group>"; };
		AA75E6461E31B31A00EF9B7B /* CircleAnimation.m */ = {isa = PBXFileReference; fileEncoding = 4; lastKnownFileType = sourcecode.c.objc; path = CircleAnimation.m; sourceTree = "<group>"; };
		AA75E6481E31B36E00EF9B7B /* CircleViewController.h */ = {isa = PBXFileReference; fileEncoding = 4; lastKnownFileType = sourcecode.c.h; path = CircleViewController.h; sourceTree = "<group>"; };
		AA75E6491E31B36E00EF9B7B /* CircleViewController.m */ = {isa = PBXFileReference; fileEncoding = 4; lastKnownFileType = sourcecode.c.objc; path = CircleViewController.m; sourceTree = "<group>"; };
		AA75E64B1E32166300EF9B7B /* RootViewController.h */ = {isa = PBXFileReference; fileEncoding = 4; lastKnownFileType = sourcecode.c.h; path = RootViewController.h; sourceTree = "<group>"; };
		AA75E64C1E32166300EF9B7B /* RootViewController.m */ = {isa = PBXFileReference; fileEncoding = 4; lastKnownFileType = sourcecode.c.objc; path = RootViewController.m; sourceTree = "<group>"; };
		AA75E64E1E32166C00EF9B7B /* FisrtViewController.h */ = {isa = PBXFileReference; fileEncoding = 4; lastKnownFileType = sourcecode.c.h; path = FisrtViewController.h; sourceTree = "<group>"; };
		AA75E64F1E32166C00EF9B7B /* FisrtViewController.m */ = {isa = PBXFileReference; fileEncoding = 4; lastKnownFileType = sourcecode.c.objc; path = FisrtViewController.m; sourceTree = "<group>"; };
		AA75E6511E32167200EF9B7B /* SecondViewController.h */ = {isa = PBXFileReference; fileEncoding = 4; lastKnownFileType = sourcecode.c.h; path = SecondViewController.h; sourceTree = "<group>"; };
		AA75E6521E32167200EF9B7B /* SecondViewController.m */ = {isa = PBXFileReference; fileEncoding = 4; lastKnownFileType = sourcecode.c.objc; path = SecondViewController.m; sourceTree = "<group>"; };
		AA75E6541E3218CE00EF9B7B /* LoginViewController.h */ = {isa = PBXFileReference; fileEncoding = 4; lastKnownFileType = sourcecode.c.h; path = LoginViewController.h; sourceTree = "<group>"; };
		AA75E6551E3218CE00EF9B7B /* LoginViewController.m */ = {isa = PBXFileReference; fileEncoding = 4; lastKnownFileType = sourcecode.c.objc; path = LoginViewController.m; sourceTree = "<group>"; };
		AAE46A591E4B1BD5008A864E /* NavigationViewController.h */ = {isa = PBXFileReference; fileEncoding = 4; lastKnownFileType = sourcecode.c.h; path = NavigationViewController.h; sourceTree = "<group>"; };
		AAE46A5A1E4B1BD5008A864E /* NavigationViewController.m */ = {isa = PBXFileReference; fileEncoding = 4; lastKnownFileType = sourcecode.c.objc; path = NavigationViewController.m; sourceTree = "<group>"; };
		AAE46A5C1E4D543F008A864E /* Reactive.h */ = {isa = PBXFileReference; fileEncoding = 4; lastKnownFileType = sourcecode.c.h; path = Reactive.h; sourceTree = "<group>"; };
		AAE46A5D1E4D543F008A864E /* Reactive.m */ = {isa = PBXFileReference; fileEncoding = 4; lastKnownFileType = sourcecode.c.objc; path = Reactive.m; sourceTree = "<group>"; };
		AAE46A601E4D6537008A864E /* IGCollectionViewController.h */ = {isa = PBXFileReference; fileEncoding = 4; lastKnownFileType = sourcecode.c.h; path = IGCollectionViewController.h; sourceTree = "<group>"; };
		AAE46A611E4D6537008A864E /* IGCollectionViewController.m */ = {isa = PBXFileReference; fileEncoding = 4; lastKnownFileType = sourcecode.c.objc; path = IGCollectionViewController.m; sourceTree = "<group>"; };
		AAE46A631E4D84E3008A864E /* GridSectionController.h */ = {isa = PBXFileReference; fileEncoding = 4; lastKnownFileType = sourcecode.c.h; path = GridSectionController.h; sourceTree = "<group>"; };
		AAE46A641E4D84E3008A864E /* GridSectionController.m */ = {isa = PBXFileReference; fileEncoding = 4; lastKnownFileType = sourcecode.c.objc; path = GridSectionController.m; sourceTree = "<group>"; };
		AAE46A661E4D958A008A864E /* TextSectionController.h */ = {isa = PBXFileReference; fileEncoding = 4; lastKnownFileType = sourcecode.c.h; path = TextSectionController.h; sourceTree = "<group>"; };
		AAE46A671E4D958A008A864E /* TextSectionController.m */ = {isa = PBXFileReference; fileEncoding = 4; lastKnownFileType = sourcecode.c.objc; path = TextSectionController.m; sourceTree = "<group>"; };
		AAF1749E1E442DD6005048CC /* ProxyViewController.h */ = {isa = PBXFileReference; fileEncoding = 4; lastKnownFileType = sourcecode.c.h; path = ProxyViewController.h; sourceTree = "<group>"; };
		AAF1749F1E442DD6005048CC /* ProxyViewController.m */ = {isa = PBXFileReference; fileEncoding = 4; lastKnownFileType = sourcecode.c.objc; path = ProxyViewController.m; sourceTree = "<group>"; };
		AAF174A11E44314C005048CC /* BookStore.h */ = {isa = PBXFileReference; fileEncoding = 4; lastKnownFileType = sourcecode.c.h; path = BookStore.h; sourceTree = "<group>"; };
		AAF174A21E44314C005048CC /* BookStore.m */ = {isa = PBXFileReference; fileEncoding = 4; lastKnownFileType = sourcecode.c.objc; path = BookStore.m; sourceTree = "<group>"; };
		AAF174A41E44315D005048CC /* ClothesStore.h */ = {isa = PBXFileReference; fileEncoding = 4; lastKnownFileType = sourcecode.c.h; path = ClothesStore.h; sourceTree = "<group>"; };
		AAF174A51E44315D005048CC /* ClothesStore.m */ = {isa = PBXFileReference; fileEncoding = 4; lastKnownFileType = sourcecode.c.objc; path = ClothesStore.m; sourceTree = "<group>"; };
		AAF174A71E443214005048CC /* TestProxy.h */ = {isa = PBXFileReference; fileEncoding = 4; lastKnownFileType = sourcecode.c.h; path = TestProxy.h; sourceTree = "<group>"; };
		AAF174A81E443214005048CC /* TestProxy.m */ = {isa = PBXFileReference; fileEncoding = 4; lastKnownFileType = sourcecode.c.objc; path = TestProxy.m; sourceTree = "<group>"; };
		AAF174AB1E456553005048CC /* ReactiveViewController.h */ = {isa = PBXFileReference; fileEncoding = 4; lastKnownFileType = sourcecode.c.h; path = ReactiveViewController.h; sourceTree = "<group>"; };
		AAF174AC1E456553005048CC /* ReactiveViewController.m */ = {isa = PBXFileReference; fileEncoding = 4; lastKnownFileType = sourcecode.c.objc; path = ReactiveViewController.m; sourceTree = "<group>"; };
		AAFB029A1E0CC33900A2A622 /* libsqlite3.tbd */ = {isa = PBXFileReference; lastKnownFileType = "sourcecode.text-based-dylib-definition"; name = libsqlite3.tbd; path = usr/lib/libsqlite3.tbd; sourceTree = SDKROOT; };
/* End PBXFileReference section */

/* Begin PBXFrameworksBuildPhase section */
		A21AB6211E59E1A900BB4FF5 /* Frameworks */ = {
			isa = PBXFrameworksBuildPhase;
			buildActionMask = 2147483647;
			files = (
				A21AB6221E59E1A900BB4FF5 /* libsqlite3.tbd in Frameworks */,
			);
			runOnlyForDeploymentPostprocessing = 0;
		};
		AA0E24551E0B719100CFA947 /* Frameworks */ = {
			isa = PBXFrameworksBuildPhase;
			buildActionMask = 2147483647;
			files = (
				AAFB029B1E0CC33900A2A622 /* libsqlite3.tbd in Frameworks */,
				1BE2A867A35EE47AF9C43606 /* Pods_ObjcDemo.framework in Frameworks */,
				883427D010173C88AEBF3351 /* Pods_ObjcDemo.framework in Frameworks */,
			);
			runOnlyForDeploymentPostprocessing = 0;
		};
/* End PBXFrameworksBuildPhase section */

/* Begin PBXGroup section */
		A21AB5F41E55456C00BB4FF5 /* AutoRelease */ = {
			isa = PBXGroup;
			children = (
				A21AB5F51E55457E00BB4FF5 /* AutoreleaseObject.h */,
				A21AB5F61E55457E00BB4FF5 /* AutoreleaseObject.m */,
			);
			path = AutoRelease;
			sourceTree = "<group>";
		};
		A21AB6311E59E1AA00BB4FF5 /* Resources-iPad */ = {
			isa = PBXGroup;
			children = (
			);
			name = "Resources-iPad";
			sourceTree = "<group>";
		};
		A5EC7E53ACD1FD4CBC5859CE /* Pods */ = {
			isa = PBXGroup;
			children = (
				1129E8D660EDEFA9CEA4B0C9 /* Pods-ObjcDemo.testdebug.xcconfig */,
				A775CE6CB5731CFE99992E71 /* Pods-ObjcDemo.debug.xcconfig */,
				168403ED326584E12CC5EBB0 /* Pods-ObjcDemo.release.xcconfig */,
			);
			name = Pods;
			sourceTree = "<group>";
		};
		AA0E244F1E0B719100CFA947 = {
			isa = PBXGroup;
			children = (
				AA45CA3C1E5EABD700FDFAFE /* Computed */,
				A21AB6311E59E1AA00BB4FF5 /* Resources-iPad */,
				A21AB5F41E55456C00BB4FF5 /* AutoRelease */,
				AAE46A5F1E4D5D47008A864E /* CollectionView */,
				AAF174AA1E456535005048CC /* Reactive */,
				AAF1749D1E442DBD005048CC /* Example */,
				AA75E6441E31B2EC00EF9B7B /* Animation */,
				AA0E245A1E0B719100CFA947 /* ObjcDemo */,
				AA0E24591E0B719100CFA947 /* Products */,
				A5EC7E53ACD1FD4CBC5859CE /* Pods */,
				FCF79F4AF9E97E03D51C8A39 /* Frameworks */,
				A21AB6321E59E1AA00BB4FF5 /* ObjcDemo copy-Info.plist */,
			);
			sourceTree = "<group>";
		};
		AA0E24591E0B719100CFA947 /* Products */ = {
			isa = PBXGroup;
			children = (
				AA0E24581E0B719100CFA947 /* ObjcDemo.app */,
				A21AB6301E59E1A900BB4FF5 /* ObjcDemo-iPad.app */,
			);
			name = Products;
			sourceTree = "<group>";
		};
		AA0E245A1E0B719100CFA947 /* ObjcDemo */ = {
			isa = PBXGroup;
			children = (
				AA0E245E1E0B719100CFA947 /* AppDelegate.h */,
				AA0E245F1E0B719100CFA947 /* AppDelegate.m */,
				AAE46A591E4B1BD5008A864E /* NavigationViewController.h */,
				AAE46A5A1E4B1BD5008A864E /* NavigationViewController.m */,
				AA1A4FCD1E14AA80002DFA22 /* test.html */,
				AA1A4FD51E14FD7C002DFA22 /* JavaScriptCore.html */,
				AA1A4FD71E14FE15002DFA22 /* MessageHandler.html */,
				AA0E24611E0B719100CFA947 /* ViewController.h */,
				AA0E24621E0B719100CFA947 /* ViewController.m */,
				AA1A4FD21E14BF8B002DFA22 /* WKWebViewController.h */,
				AA1A4FD31E14BF8B002DFA22 /* WKWebViewController.m */,
				AA1A4FCF1E14AAF6002DFA22 /* JSViewController.h */,
				AA1A4FD01E14AAF6002DFA22 /* JSViewController.m */,
				AA1A4FD91E1505FC002DFA22 /* JSWebExport.h */,
				AA1A4FDA1E1505FC002DFA22 /* JSWebExport.m */,
				AA1A4F9B1E1203FC002DFA22 /* NextViewController.h */,
				AA1A4F9C1E1203FC002DFA22 /* NextViewController.m */,
				AA1A4FC71E135558002DFA22 /* NSString+invocation.h */,
				AA1A4FC81E135558002DFA22 /* NSString+invocation.m */,
				AA1A4FCA1E135BD3002DFA22 /* NSObject+invocation.h */,
				AA1A4FCB1E135BD3002DFA22 /* NSObject+invocation.m */,
				AA1A4F9E1E1266CF002DFA22 /* NSNull+Nullsafe.h */,
				AA1A4F9F1E1266CF002DFA22 /* NSNull+Nullsafe.m */,
				AA1A4F981E11FE56002DFA22 /* UIViewController+Swizze.h */,
				AA1A4F991E11FE56002DFA22 /* UIViewController+Swizze.m */,
				AA0E24641E0B719100CFA947 /* Main.storyboard */,
				AA0E24671E0B719100CFA947 /* Assets.xcassets */,
				AA0E24691E0B719100CFA947 /* LaunchScreen.storyboard */,
				AA0E246C1E0B719100CFA947 /* Info.plist */,
				AA0E245B1E0B719100CFA947 /* Supporting Files */,
			);
			path = ObjcDemo;
			sourceTree = "<group>";
		};
		AA0E245B1E0B719100CFA947 /* Supporting Files */ = {
			isa = PBXGroup;
			children = (
				AA0E245C1E0B719100CFA947 /* main.m */,
			);
			name = "Supporting Files";
			sourceTree = "<group>";
		};
		AA45CA3C1E5EABD700FDFAFE /* Computed */ = {
			isa = PBXGroup;
			children = (
				AA45CA3D1E5EABEF00FDFAFE /* ComputedModel.h */,
				AA45CA3E1E5EABEF00FDFAFE /* ComputedModel.m */,
				AA45CA401E60294200FDFAFE /* AlgorithmManager.h */,
				AA45CA411E60294200FDFAFE /* AlgorithmManager.m */,
			);
			path = Computed;
			sourceTree = "<group>";
		};
		AA75E6441E31B2EC00EF9B7B /* Animation */ = {
			isa = PBXGroup;
			children = (
				AA75E6451E31B31A00EF9B7B /* CircleAnimation.h */,
				AA75E6461E31B31A00EF9B7B /* CircleAnimation.m */,
				A21AB5F11E50402E00BB4FF5 /* QuartzCore.h */,
				A21AB5F21E50402E00BB4FF5 /* QuartzCore.m */,
				AA75E6481E31B36E00EF9B7B /* CircleViewController.h */,
				AA75E6491E31B36E00EF9B7B /* CircleViewController.m */,
				AA75E64B1E32166300EF9B7B /* RootViewController.h */,
				AA75E64C1E32166300EF9B7B /* RootViewController.m */,
				AA75E64E1E32166C00EF9B7B /* FisrtViewController.h */,
				AA75E64F1E32166C00EF9B7B /* FisrtViewController.m */,
				AA75E6511E32167200EF9B7B /* SecondViewController.h */,
				AA75E6521E32167200EF9B7B /* SecondViewController.m */,
				AA75E6541E3218CE00EF9B7B /* LoginViewController.h */,
				AA75E6551E3218CE00EF9B7B /* LoginViewController.m */,
				AA45CA391E5E8A8700FDFAFE /* RFQuiltLayoutCollectionViewCell.h */,
				AA45CA3A1E5E8A8700FDFAFE /* RFQuiltLayoutCollectionViewCell.m */,
			);
			path = Animation;
			sourceTree = "<group>";
		};
		AAE46A5F1E4D5D47008A864E /* CollectionView */ = {
			isa = PBXGroup;
			children = (
				AAE46A601E4D6537008A864E /* IGCollectionViewController.h */,
				AAE46A611E4D6537008A864E /* IGCollectionViewController.m */,
				AAE46A631E4D84E3008A864E /* GridSectionController.h */,
				AAE46A641E4D84E3008A864E /* GridSectionController.m */,
				AAE46A661E4D958A008A864E /* TextSectionController.h */,
				AAE46A671E4D958A008A864E /* TextSectionController.m */,
			);
			path = CollectionView;
			sourceTree = "<group>";
		};
		AAF1749D1E442DBD005048CC /* Example */ = {
			isa = PBXGroup;
			children = (
				AAF1749E1E442DD6005048CC /* ProxyViewController.h */,
				AAF1749F1E442DD6005048CC /* ProxyViewController.m */,
				AAF174A11E44314C005048CC /* BookStore.h */,
				AAF174A21E44314C005048CC /* BookStore.m */,
				AAF174A41E44315D005048CC /* ClothesStore.h */,
				AAF174A51E44315D005048CC /* ClothesStore.m */,
				AAF174A71E443214005048CC /* TestProxy.h */,
				AAF174A81E443214005048CC /* TestProxy.m */,
			);
			path = Example;
			sourceTree = "<group>";
		};
		AAF174AA1E456535005048CC /* Reactive */ = {
			isa = PBXGroup;
			children = (
				AAF174AB1E456553005048CC /* ReactiveViewController.h */,
				AAF174AC1E456553005048CC /* ReactiveViewController.m */,
				AAE46A5C1E4D543F008A864E /* Reactive.h */,
				AAE46A5D1E4D543F008A864E /* Reactive.m */,
			);
			path = Reactive;
			sourceTree = "<group>";
		};
		FCF79F4AF9E97E03D51C8A39 /* Frameworks */ = {
			isa = PBXGroup;
			children = (
				AAFB029A1E0CC33900A2A622 /* libsqlite3.tbd */,
				3FA1B1897974C10C7DF308AC /* Pods_ObjcDemo.framework */,
			);
			name = Frameworks;
			sourceTree = "<group>";
		};
/* End PBXGroup section */

/* Begin PBXNativeTarget section */
		A21AB6011E59E1A900BB4FF5 /* ObjcDemo-iPad */ = {
			isa = PBXNativeTarget;
			buildConfigurationList = A21AB62D1E59E1A900BB4FF5 /* Build configuration list for PBXNativeTarget "ObjcDemo-iPad" */;
			buildPhases = (
				A21AB6031E59E1A900BB4FF5 /* Sources */,
				A21AB6211E59E1A900BB4FF5 /* Frameworks */,
				A21AB6241E59E1A900BB4FF5 /* Resources */,
			);
			buildRules = (
			);
			dependencies = (
			);
			name = "ObjcDemo-iPad";
			productName = ObjcDemo;
			productReference = A21AB6301E59E1A900BB4FF5 /* ObjcDemo-iPad.app */;
			productType = "com.apple.product-type.application";
		};
		AA0E24571E0B719100CFA947 /* ObjcDemo */ = {
			isa = PBXNativeTarget;
			buildConfigurationList = AA0E246F1E0B719100CFA947 /* Build configuration list for PBXNativeTarget "ObjcDemo" */;
			buildPhases = (
				0FEA6FCC12E3E68BA3BF3BA9 /* [CP] Check Pods Manifest.lock */,
				AA0E24541E0B719100CFA947 /* Sources */,
				AA0E24551E0B719100CFA947 /* Frameworks */,
				AA0E24561E0B719100CFA947 /* Resources */,
				59ABC8F1D487F34DF4CBE17D /* [CP] Embed Pods Frameworks */,
				29EB459F8F166C922462C6AC /* [CP] Copy Pods Resources */,
			);
			buildRules = (
			);
			dependencies = (
			);
			name = ObjcDemo;
			productName = ObjcDemo;
			productReference = AA0E24581E0B719100CFA947 /* ObjcDemo.app */;
			productType = "com.apple.product-type.application";
		};
/* End PBXNativeTarget section */

/* Begin PBXProject section */
		AA0E24501E0B719100CFA947 /* Project object */ = {
			isa = PBXProject;
			attributes = {
				LastUpgradeCheck = 0810;
				ORGANIZATIONNAME = com;
				TargetAttributes = {
					A21AB6011E59E1A900BB4FF5 = {
						DevelopmentTeam = MY2CY9936K;
					};
					AA0E24571E0B719100CFA947 = {
						CreatedOnToolsVersion = 8.1;
						DevelopmentTeam = MY2CY9936K;
						ProvisioningStyle = Automatic;
						SystemCapabilities = {
							com.apple.BackgroundModes = {
								enabled = 1;
							};
						};
					};
				};
			};
			buildConfigurationList = AA0E24531E0B719100CFA947 /* Build configuration list for PBXProject "ObjcDemo" */;
			compatibilityVersion = "Xcode 3.2";
			developmentRegion = English;
			hasScannedForEncodings = 0;
			knownRegions = (
				en,
				Base,
			);
			mainGroup = AA0E244F1E0B719100CFA947;
			productRefGroup = AA0E24591E0B719100CFA947 /* Products */;
			projectDirPath = "";
			projectRoot = "";
			targets = (
				AA0E24571E0B719100CFA947 /* ObjcDemo */,
				A21AB6011E59E1A900BB4FF5 /* ObjcDemo-iPad */,
			);
		};
/* End PBXProject section */

/* Begin PBXResourcesBuildPhase section */
		A21AB6241E59E1A900BB4FF5 /* Resources */ = {
			isa = PBXResourcesBuildPhase;
			buildActionMask = 2147483647;
			files = (
				A21AB6251E59E1A900BB4FF5 /* LaunchScreen.storyboard in Resources */,
				A21AB6261E59E1A900BB4FF5 /* MessageHandler.html in Resources */,
				A21AB6271E59E1A900BB4FF5 /* JavaScriptCore.html in Resources */,
				A21AB6281E59E1A900BB4FF5 /* Assets.xcassets in Resources */,
				A21AB6291E59E1A900BB4FF5 /* test.html in Resources */,
				A21AB62A1E59E1A900BB4FF5 /* Main.storyboard in Resources */,
			);
			runOnlyForDeploymentPostprocessing = 0;
		};
		AA0E24561E0B719100CFA947 /* Resources */ = {
			isa = PBXResourcesBuildPhase;
			buildActionMask = 2147483647;
			files = (
				AA0E246B1E0B719100CFA947 /* LaunchScreen.storyboard in Resources */,
				AA1A4FD81E14FE15002DFA22 /* MessageHandler.html in Resources */,
				AA1A4FD61E14FD7C002DFA22 /* JavaScriptCore.html in Resources */,
				AA0E24681E0B719100CFA947 /* Assets.xcassets in Resources */,
				AA1A4FCE1E14AA80002DFA22 /* test.html in Resources */,
				AA0E24661E0B719100CFA947 /* Main.storyboard in Resources */,
			);
			runOnlyForDeploymentPostprocessing = 0;
		};
/* End PBXResourcesBuildPhase section */

/* Begin PBXShellScriptBuildPhase section */
		0FEA6FCC12E3E68BA3BF3BA9 /* [CP] Check Pods Manifest.lock */ = {
			isa = PBXShellScriptBuildPhase;
			buildActionMask = 2147483647;
			files = (
			);
			inputPaths = (
			);
			name = "[CP] Check Pods Manifest.lock";
			outputPaths = (
			);
			runOnlyForDeploymentPostprocessing = 0;
			shellPath = /bin/sh;
			shellScript = "diff \"${PODS_ROOT}/../Podfile.lock\" \"${PODS_ROOT}/Manifest.lock\" > /dev/null\nif [ $? != 0 ] ; then\n    # print error to STDERR\n    echo \"error: The sandbox is not in sync with the Podfile.lock. Run 'pod install' or update your CocoaPods installation.\" >&2\n    exit 1\nfi\n";
			showEnvVarsInLog = 0;
		};
		29EB459F8F166C922462C6AC /* [CP] Copy Pods Resources */ = {
			isa = PBXShellScriptBuildPhase;
			buildActionMask = 2147483647;
			files = (
			);
			inputPaths = (
			);
			name = "[CP] Copy Pods Resources";
			outputPaths = (
			);
			runOnlyForDeploymentPostprocessing = 0;
			shellPath = /bin/sh;
			shellScript = "\"${SRCROOT}/Pods/Target Support Files/Pods-ObjcDemo/Pods-ObjcDemo-resources.sh\"\n";
			showEnvVarsInLog = 0;
		};
		59ABC8F1D487F34DF4CBE17D /* [CP] Embed Pods Frameworks */ = {
			isa = PBXShellScriptBuildPhase;
			buildActionMask = 2147483647;
			files = (
			);
			inputPaths = (
			);
			name = "[CP] Embed Pods Frameworks";
			outputPaths = (
			);
			runOnlyForDeploymentPostprocessing = 0;
			shellPath = /bin/sh;
			shellScript = "\"${SRCROOT}/Pods/Target Support Files/Pods-ObjcDemo/Pods-ObjcDemo-frameworks.sh\"\n";
			showEnvVarsInLog = 0;
		};
/* End PBXShellScriptBuildPhase section */

/* Begin PBXSourcesBuildPhase section */
		A21AB6031E59E1A900BB4FF5 /* Sources */ = {
			isa = PBXSourcesBuildPhase;
			buildActionMask = 2147483647;
			files = (
				A21AB6041E59E1A900BB4FF5 /* NextViewController.m in Sources */,
				A21AB6051E59E1A900BB4FF5 /* ProxyViewController.m in Sources */,
				A21AB6061E59E1A900BB4FF5 /* TestProxy.m in Sources */,
				A21AB6071E59E1A900BB4FF5 /* QuartzCore.m in Sources */,
				A21AB6081E59E1A900BB4FF5 /* JSViewController.m in Sources */,
				A21AB6091E59E1A900BB4FF5 /* IGCollectionViewController.m in Sources */,
				A21AB60A1E59E1A900BB4FF5 /* CircleAnimation.m in Sources */,
				A21AB60B1E59E1A900BB4FF5 /* NSNull+Nullsafe.m in Sources */,
				A21AB60C1E59E1A900BB4FF5 /* JSWebExport.m in Sources */,
				A21AB60D1E59E1A900BB4FF5 /* BookStore.m in Sources */,
				A21AB60E1E59E1A900BB4FF5 /* GridSectionController.m in Sources */,
				A21AB60F1E59E1A900BB4FF5 /* Reactive.m in Sources */,
				A21AB6101E59E1A900BB4FF5 /* UIViewController+Swizze.m in Sources */,
				A21AB6111E59E1A900BB4FF5 /* ClothesStore.m in Sources */,
				A21AB6121E59E1A900BB4FF5 /* ViewController.m in Sources */,
				A21AB6131E59E1A900BB4FF5 /* LoginViewController.m in Sources */,
				A21AB6141E59E1A900BB4FF5 /* WKWebViewController.m in Sources */,
				A21AB6151E59E1A900BB4FF5 /* RootViewController.m in Sources */,
				A21AB6161E59E1A900BB4FF5 /* CircleViewController.m in Sources */,
				A21AB6171E59E1A900BB4FF5 /* AppDelegate.m in Sources */,
				A21AB6181E59E1A900BB4FF5 /* TextSectionController.m in Sources */,
				A21AB6191E59E1A900BB4FF5 /* NSObject+invocation.m in Sources */,
				A21AB61A1E59E1A900BB4FF5 /* SecondViewController.m in Sources */,
				A21AB61B1E59E1A900BB4FF5 /* NavigationViewController.m in Sources */,
				A21AB61C1E59E1A900BB4FF5 /* NSString+invocation.m in Sources */,
				A21AB61D1E59E1A900BB4FF5 /* AutoreleaseObject.m in Sources */,
				A21AB61E1E59E1A900BB4FF5 /* FisrtViewController.m in Sources */,
				A21AB61F1E59E1A900BB4FF5 /* main.m in Sources */,
				A21AB6201E59E1A900BB4FF5 /* ReactiveViewController.m in Sources */,
			);
			runOnlyForDeploymentPostprocessing = 0;
		};
		AA0E24541E0B719100CFA947 /* Sources */ = {
			isa = PBXSourcesBuildPhase;
			buildActionMask = 2147483647;
			files = (
				AA1A4F9D1E1203FC002DFA22 /* NextViewController.m in Sources */,
				AAF174A01E442DD6005048CC /* ProxyViewController.m in Sources */,
				AAF174A91E443214005048CC /* TestProxy.m in Sources */,
				A21AB5F31E50402E00BB4FF5 /* QuartzCore.m in Sources */,
				AA1A4FD11E14AAF6002DFA22 /* JSViewController.m in Sources */,
				AAE46A621E4D6537008A864E /* IGCollectionViewController.m in Sources */,
				AA75E6471E31B31A00EF9B7B /* CircleAnimation.m in Sources */,
				AA1A4FA01E1266CF002DFA22 /* NSNull+Nullsafe.m in Sources */,
				AA45CA3B1E5E8A8700FDFAFE /* RFQuiltLayoutCollectionViewCell.m in Sources */,
				AA45CA3F1E5EABEF00FDFAFE /* ComputedModel.m in Sources */,
				AA1A4FDB1E1505FC002DFA22 /* JSWebExport.m in Sources */,
				AAF174A31E44314C005048CC /* BookStore.m in Sources */,
				AAE46A651E4D84E3008A864E /* GridSectionController.m in Sources */,
				AAE46A5E1E4D543F008A864E /* Reactive.m in Sources */,
				AA1A4F9A1E11FE56002DFA22 /* UIViewController+Swizze.m in Sources */,
				AA45CA421E60294200FDFAFE /* AlgorithmManager.m in Sources */,
				AAF174A61E44315D005048CC /* ClothesStore.m in Sources */,
				AA0E24631E0B719100CFA947 /* ViewController.m in Sources */,
				AA75E6561E3218CE00EF9B7B /* LoginViewController.m in Sources */,
				AA1A4FD41E14BF8B002DFA22 /* WKWebViewController.m in Sources */,
				AA75E64D1E32166300EF9B7B /* RootViewController.m in Sources */,
				AA75E64A1E31B36E00EF9B7B /* CircleViewController.m in Sources */,
				AA0E24601E0B719100CFA947 /* AppDelegate.m in Sources */,
				AAE46A681E4D958A008A864E /* TextSectionController.m in Sources */,
				AA1A4FCC1E135BD3002DFA22 /* NSObject+invocation.m in Sources */,
				AA75E6531E32167200EF9B7B /* SecondViewController.m in Sources */,
				AAE46A5B1E4B1BD5008A864E /* NavigationViewController.m in Sources */,
				AA1A4FC91E135558002DFA22 /* NSString+invocation.m in Sources */,
				A21AB5F71E55457E00BB4FF5 /* AutoreleaseObject.m in Sources */,
				AA75E6501E32166C00EF9B7B /* FisrtViewController.m in Sources */,
				AA0E245D1E0B719100CFA947 /* main.m in Sources */,
				AAF174AD1E456553005048CC /* ReactiveViewController.m in Sources */,
			);
			runOnlyForDeploymentPostprocessing = 0;
		};
/* End PBXSourcesBuildPhase section */

/* Begin PBXVariantGroup section */
		AA0E24641E0B719100CFA947 /* Main.storyboard */ = {
			isa = PBXVariantGroup;
			children = (
				AA0E24651E0B719100CFA947 /* Base */,
			);
			name = Main.storyboard;
			sourceTree = "<group>";
		};
		AA0E24691E0B719100CFA947 /* LaunchScreen.storyboard */ = {
			isa = PBXVariantGroup;
			children = (
				AA0E246A1E0B719100CFA947 /* Base */,
			);
			name = LaunchScreen.storyboard;
			sourceTree = "<group>";
		};
/* End PBXVariantGroup section */

/* Begin XCBuildConfiguration section */
		A21AB62E1E59E1A900BB4FF5 /* Debug */ = {
			isa = XCBuildConfiguration;
			buildSettings = {
				ASSETCATALOG_COMPILER_APPICON_NAME = AppIcon;
				DEVELOPMENT_TEAM = MY2CY9936K;
				INFOPLIST_FILE = "ObjcDemo copy-Info.plist";
				IPHONEOS_DEPLOYMENT_TARGET = 8.0;
				LD_RUNPATH_SEARCH_PATHS = "$(inherited) @executable_path/Frameworks";
				PRODUCT_BUNDLE_IDENTIFIER = Pingan.ObjcDemo;
				PRODUCT_NAME = "ObjcDemo-iPad";
				TARGETED_DEVICE_FAMILY = 2;
			};
			name = Debug;
		};
		A21AB62F1E59E1A900BB4FF5 /* Release */ = {
			isa = XCBuildConfiguration;
			buildSettings = {
				ASSETCATALOG_COMPILER_APPICON_NAME = AppIcon;
				DEVELOPMENT_TEAM = MY2CY9936K;
				INFOPLIST_FILE = "ObjcDemo copy-Info.plist";
				IPHONEOS_DEPLOYMENT_TARGET = 8.0;
				LD_RUNPATH_SEARCH_PATHS = "$(inherited) @executable_path/Frameworks";
				PRODUCT_BUNDLE_IDENTIFIER = Pingan.ObjcDemo;
				PRODUCT_NAME = "ObjcDemo-iPad";
				TARGETED_DEVICE_FAMILY = 2;
			};
			name = Release;
		};
		AA0E246D1E0B719100CFA947 /* Debug */ = {
			isa = XCBuildConfiguration;
			buildSettings = {
				ALWAYS_SEARCH_USER_PATHS = NO;
				CLANG_ANALYZER_NONNULL = YES;
				CLANG_CXX_LANGUAGE_STANDARD = "gnu++0x";
				CLANG_CXX_LIBRARY = "libc++";
				CLANG_ENABLE_MODULES = YES;
				CLANG_ENABLE_OBJC_ARC = YES;
				CLANG_WARN_BOOL_CONVERSION = YES;
				CLANG_WARN_CONSTANT_CONVERSION = YES;
				CLANG_WARN_DIRECT_OBJC_ISA_USAGE = YES_ERROR;
				CLANG_WARN_DOCUMENTATION_COMMENTS = YES;
				CLANG_WARN_EMPTY_BODY = YES;
				CLANG_WARN_ENUM_CONVERSION = YES;
				CLANG_WARN_INFINITE_RECURSION = YES;
				CLANG_WARN_INT_CONVERSION = YES;
				CLANG_WARN_OBJC_ROOT_CLASS = YES_ERROR;
				CLANG_WARN_SUSPICIOUS_MOVES = YES;
				CLANG_WARN_UNREACHABLE_CODE = YES;
				CLANG_WARN__DUPLICATE_METHOD_MATCH = YES;
				"CODE_SIGN_IDENTITY[sdk=iphoneos*]" = "iPhone Developer";
				COPY_PHASE_STRIP = NO;
				DEBUG_INFORMATION_FORMAT = dwarf;
				ENABLE_STRICT_OBJC_MSGSEND = YES;
				ENABLE_TESTABILITY = YES;
				GCC_C_LANGUAGE_STANDARD = gnu99;
				GCC_DYNAMIC_NO_PIC = NO;
				GCC_NO_COMMON_BLOCKS = YES;
				GCC_OPTIMIZATION_LEVEL = 0;
				GCC_PREPROCESSOR_DEFINITIONS = (
					"DEBUG=1",
					"$(inherited)",
				);
				GCC_WARN_64_TO_32_BIT_CONVERSION = YES;
				GCC_WARN_ABOUT_RETURN_TYPE = YES_ERROR;
				GCC_WARN_UNDECLARED_SELECTOR = YES;
				GCC_WARN_UNINITIALIZED_AUTOS = YES_AGGRESSIVE;
				GCC_WARN_UNUSED_FUNCTION = YES;
				GCC_WARN_UNUSED_VARIABLE = YES;
				IPHONEOS_DEPLOYMENT_TARGET = 10.1;
				MTL_ENABLE_DEBUG_INFO = YES;
				ONLY_ACTIVE_ARCH = YES;
				SDKROOT = iphoneos;
			};
			name = Debug;
		};
		AA0E246E1E0B719100CFA947 /* Release */ = {
			isa = XCBuildConfiguration;
			buildSettings = {
				ALWAYS_SEARCH_USER_PATHS = NO;
				CLANG_ANALYZER_NONNULL = YES;
				CLANG_CXX_LANGUAGE_STANDARD = "gnu++0x";
				CLANG_CXX_LIBRARY = "libc++";
				CLANG_ENABLE_MODULES = YES;
				CLANG_ENABLE_OBJC_ARC = YES;
				CLANG_WARN_BOOL_CONVERSION = YES;
				CLANG_WARN_CONSTANT_CONVERSION = YES;
				CLANG_WARN_DIRECT_OBJC_ISA_USAGE = YES_ERROR;
				CLANG_WARN_DOCUMENTATION_COMMENTS = YES;
				CLANG_WARN_EMPTY_BODY = YES;
				CLANG_WARN_ENUM_CONVERSION = YES;
				CLANG_WARN_INFINITE_RECURSION = YES;
				CLANG_WARN_INT_CONVERSION = YES;
				CLANG_WARN_OBJC_ROOT_CLASS = YES_ERROR;
				CLANG_WARN_SUSPICIOUS_MOVES = YES;
				CLANG_WARN_UNREACHABLE_CODE = YES;
				CLANG_WARN__DUPLICATE_METHOD_MATCH = YES;
				"CODE_SIGN_IDENTITY[sdk=iphoneos*]" = "iPhone Developer";
				COPY_PHASE_STRIP = NO;
				DEBUG_INFORMATION_FORMAT = "dwarf-with-dsym";
				ENABLE_NS_ASSERTIONS = NO;
				ENABLE_STRICT_OBJC_MSGSEND = YES;
				GCC_C_LANGUAGE_STANDARD = gnu99;
				GCC_NO_COMMON_BLOCKS = YES;
				GCC_WARN_64_TO_32_BIT_CONVERSION = YES;
				GCC_WARN_ABOUT_RETURN_TYPE = YES_ERROR;
				GCC_WARN_UNDECLARED_SELECTOR = YES;
				GCC_WARN_UNINITIALIZED_AUTOS = YES_AGGRESSIVE;
				GCC_WARN_UNUSED_FUNCTION = YES;
				GCC_WARN_UNUSED_VARIABLE = YES;
				IPHONEOS_DEPLOYMENT_TARGET = 10.1;
				MTL_ENABLE_DEBUG_INFO = NO;
				SDKROOT = iphoneos;
				VALIDATE_PRODUCT = YES;
			};
			name = Release;
		};
		AA0E24701E0B719100CFA947 /* Debug */ = {
			isa = XCBuildConfiguration;
			baseConfigurationReference = A775CE6CB5731CFE99992E71 /* Pods-ObjcDemo.debug.xcconfig */;
			buildSettings = {
				ASSETCATALOG_COMPILER_APPICON_NAME = AppIcon;
				DEVELOPMENT_TEAM = MY2CY9936K;
				INFOPLIST_FILE = ObjcDemo/Info.plist;
				LD_RUNPATH_SEARCH_PATHS = "$(inherited) @executable_path/Frameworks";
				PRODUCT_BUNDLE_IDENTIFIER = Pingan.ObjcDemo;
				PRODUCT_NAME = "$(TARGET_NAME)";
			};
			name = Debug;
		};
		AA0E24711E0B719100CFA947 /* Release */ = {
			isa = XCBuildConfiguration;
			baseConfigurationReference = 168403ED326584E12CC5EBB0 /* Pods-ObjcDemo.release.xcconfig */;
			buildSettings = {
				ASSETCATALOG_COMPILER_APPICON_NAME = AppIcon;
				DEVELOPMENT_TEAM = MY2CY9936K;
				INFOPLIST_FILE = ObjcDemo/Info.plist;
				LD_RUNPATH_SEARCH_PATHS = "$(inherited) @executable_path/Frameworks";
				PRODUCT_BUNDLE_IDENTIFIER = Pingan.ObjcDemo;
				PRODUCT_NAME = "$(TARGET_NAME)";
			};
			name = Release;
		};
/* End XCBuildConfiguration section */

/* Begin XCConfigurationList section */
		A21AB62D1E59E1A900BB4FF5 /* Build configuration list for PBXNativeTarget "ObjcDemo-iPad" */ = {
			isa = XCConfigurationList;
			buildConfigurations = (
				A21AB62E1E59E1A900BB4FF5 /* Debug */,
				A21AB62F1E59E1A900BB4FF5 /* Release */,
			);
			defaultConfigurationIsVisible = 0;
			defaultConfigurationName = Release;
		};
		AA0E24531E0B719100CFA947 /* Build configuration list for PBXProject "ObjcDemo" */ = {
			isa = XCConfigurationList;
			buildConfigurations = (
				AA0E246D1E0B719100CFA947 /* Debug */,
				AA0E246E1E0B719100CFA947 /* Release */,
			);
			defaultConfigurationIsVisible = 0;
			defaultConfigurationName = Release;
		};
		AA0E246F1E0B719100CFA947 /* Build configuration list for PBXNativeTarget "ObjcDemo" */ = {
			isa = XCConfigurationList;
			buildConfigurations = (
				AA0E24701E0B719100CFA947 /* Debug */,
				AA0E24711E0B719100CFA947 /* Release */,
			);
			defaultConfigurationIsVisible = 0;
			defaultConfigurationName = Release;
		};
/* End XCConfigurationList section */
	};
	rootObject = AA0E24501E0B719100CFA947 /* Project object */;
}
